
Microsoft Visual Studio Solution File, Format Version 12.00
# Visual Studio Version 17
VisualStudioVersion = 17.14.36119.2
MinimumVisualStudioVersion = 10.0.40219.1
Project("{FAE04EC0-301F-11D3-BF4B-00C04F79EFBC}") = "DeskTop", "DeskTop.csproj", "{6D6B88D5-1A71-406C-9E6B-CF084657126B}"
EndProject
Project("{2150E333-8FDC-42A3-9474-1A3956D46DE8}") = "Core", "Core", "{36D591C7-65C7-A0D1-1CBC-10CDE441BDC8}"
EndProject
Project("{2150E333-8FDC-42A3-9474-1A3956D46DE8}") = "Datas", "Datas", "{9ADF30BB-E343-4D0E-8FF4-76A859CFE974}"
EndProject
Project("{2150E333-8FDC-42A3-9474-1A3956D46DE8}") = "Viev", "Viev", "{DB8F4A83-C1AE-420F-8EA9-30225032C5A7}"
EndProject
Project("{FAE04EC0-301F-11D3-BF4B-00C04F79EFBC}") = "Driver", "..\..\View\Driver\Driver.csproj", "{9B5ACCA0-E6DE-4851-B5F6-4E2154E06699}"
EndProject
Project("{FAE04EC0-301F-11D3-BF4B-00C04F79EFBC}") = "Common", "..\Common\Common.csproj", "{9CA2F6EF-1DC7-4890-8D71-548E870A9B1C}"
EndProject
Project("{FAE04EC0-301F-11D3-BF4B-00C04F79EFBC}") = "Logger", "..\Logger\Logger.csproj", "{06980F00-0681-4B7E-9A72-EB8DD3914FA2}"
EndProject
Project("{FAE04EC0-301F-11D3-BF4B-00C04F79EFBC}") = "Modules", "..\Modules\Modules.csproj", "{A8C8E869-2456-4655-869D-11A53A83DDFC}"
EndProject
Project("{FAE04EC0-301F-11D3-BF4B-00C04F79EFBC}") = "Data", "..\..\Datas\Data\Data.csproj", "{94489D1E-59BD-4126-A8E1-D353D67A6F7B}"
EndProject
Project("{FAE04EC0-301F-11D3-BF4B-00C04F79EFBC}") = "WOpenCL", "..\WOpenCL\WOpenCL.csproj", "{445DE45F-5654-4EFD-B6D8-F3D9BC77372B}"
EndProject
Project("{2150E333-8FDC-42A3-9474-1A3956D46DE8}") = "~Test", "~Test", "{801FAE19-A24C-4B1F-A88E-A276906DFD62}"
EndProject
Project("{2150E333-8FDC-42A3-9474-1A3956D46DE8}") = "TCP", "TCP", "{0BF13086-B540-4C9D-BA4E-241F1949B2BC}"
EndProject
Project("{2150E333-8FDC-42A3-9474-1A3956D46DE8}") = "Watson", "Watson", "{EF52DCD1-73C7-4C7F-859B-07A959046D86}"
EndProject
Project("{2150E333-8FDC-42A3-9474-1A3956D46DE8}") = "Local", "Local", "{4276BADC-30AC-4185-B6B7-105AEF85165F}"
EndProject
Project("{2150E333-8FDC-42A3-9474-1A3956D46DE8}") = "Moduls", "Moduls", "{F6385FA3-847D-42F0-8A1A-3FEBAA3FA752}"
EndProject
Project("{FAE04EC0-301F-11D3-BF4B-00C04F79EFBC}") = "WatsonTcpClient", "..\..\~Test\Tcp\Watson\WatsonTcpClient\WatsonTcpClient.csproj", "{1A7FC8BA-D83C-8130-8428-BF6D05CC41BA}"
EndProject
Project("{FAE04EC0-301F-11D3-BF4B-00C04F79EFBC}") = "WatsonTcpServer", "..\..\~Test\Tcp\Watson\WatsonTcpServer\WatsonTcpServer.csproj", "{90FBD103-63F7-5293-A398-EB6C6C9AD3B2}"
EndProject
Project("{FAE04EC0-301F-11D3-BF4B-00C04F79EFBC}") = "TestModulSend", "..\..\~Test\Tcp\Moduls\TestModulSend\TestModulSend.csproj", "{DBAC44C9-3AF2-64F6-B8C2-99C8B4C8EB70}"
EndProject
Project("{FAE04EC0-301F-11D3-BF4B-00C04F79EFBC}") = "TestModulServer", "..\..\~Test\Tcp\Moduls\TestModulServer\TestModulServer.csproj", "{BFD7F051-ADD1-983A-0965-D930BD9EF839}"
EndProject
Project("{FAE04EC0-301F-11D3-BF4B-00C04F79EFBC}") = "SendRec", "..\..\~Test\Tcp\Local\SendRec\SendRec.csproj", "{627277BE-7217-67DC-F059-9C23E5F67816}"
EndProject
Project("{FAE04EC0-301F-11D3-BF4B-00C04F79EFBC}") = "Server_send", "..\..\~Test\Tcp\Local\Server_send\Server_send.csproj", "{34E004D3-3F36-739E-7367-4358A5524065}"
EndProject
Project("{FAE04EC0-301F-11D3-BF4B-00C04F79EFBC}") = "Server00", "..\..\~Test\Tcp\Local\Server00\Server00.csproj", "{0075997B-D425-AE49-8B6D-26D9B0D25EF4}"
EndProject
Project("{FAE04EC0-301F-11D3-BF4B-00C04F79EFBC}") = "ServerAllSend", "..\..\~Test\Tcp\Local\ServerAllSend\ServerAllSend.csproj", "{79053DF6-EE81-DE18-CC4A-4A4837DC1304}"
EndProject
Project("{FAE04EC0-301F-11D3-BF4B-00C04F79EFBC}") = "Server01", "..\..\~Test\Tcp\Local\Server01\Server01.csproj", "{EE53F51C-428B-4A72-8FFC-2CA9CCAA98C1}"
EndProject
Project("{FAE04EC0-301F-11D3-BF4B-00C04F79EFBC}") = "Server02", "..\..\~Test\Tcp\Local\Server02\Server02.csproj", "{1DE7FF92-9095-4C56-AB0A-2F0432648A11}"
EndProject
Project("{2150E333-8FDC-42A3-9474-1A3956D46DE8}") = "gRPC", "gRPC", "{4F423520-1794-49D3-8A3D-5B7B2560E4CA}"
EndProject
Project("{FAE04EC0-301F-11D3-BF4B-00C04F79EFBC}") = "GrpcService1", "..\..\~Test\Tcp\gRPC\GrpcService1\GrpcService1.csproj", "{8B349350-F3C0-4545-AC44-55D0BB643F7D}"
EndProject
Project("{FAE04EC0-301F-11D3-BF4B-00C04F79EFBC}") = "gRPCAPI01", "..\..\~Test\Tcp\gRPC\gRPCAPI01\gRPCAPI01\gRPCAPI01.csproj", "{0C37365C-A6C4-4544-8970-EBCBC5065998}"
EndProject
Project("{FAE04EC0-301F-11D3-BF4B-00C04F79EFBC}") = "gRPCAPI01.Models", "..\..\~Test\Tcp\gRPC\gRPCAPI01\gRPCAPI01.Models\gRPCAPI01.Models.csproj", "{35ABC1A5-D6CB-45BD-AAF2-963E90A31977}"
EndProject
Project("{FAE04EC0-301F-11D3-BF4B-00C04F79EFBC}") = "gRPCAPI01.Tests", "..\..\~Test\Tcp\gRPC\gRPCAPI01\gRPCAPI01.Tests\gRPCAPI01.Tests.csproj", "{892A1B79-2E4F-499A-81EA-F8ED6D4A11A0}"
EndProject
Project("{FAE04EC0-301F-11D3-BF4B-00C04F79EFBC}") = "Client01", "..\..\~Test\Tcp\gRPC\Client01\Client01.csproj", "{FECF362A-1299-4FC0-A3DE-A67A65BFE5AC}"
EndProject
Project("{2150E333-8FDC-42A3-9474-1A3956D46DE8}") = "Memory", "Memory", "{D28DBAE2-F052-4766-A532-23CE6AEA809B}"
EndProject
Project("{FAE04EC0-301F-11D3-BF4B-00C04F79EFBC}") = "TMemory01", "..\..\~Test\Memory\TMemory01\TMemory01.csproj", "{171E80CA-FACF-45ED-A19E-0C88F0A49B2E}"
EndProject
Project("{FAE04EC0-301F-11D3-BF4B-00C04F79EFBC}") = "DMemory", "..\..\Datas\DMemory\DMemory.csproj", "{C4F43FA7-15DB-48AC-8DFB-81384B72F7B4}"
EndProject
Project("{FAE04EC0-301F-11D3-BF4B-00C04F79EFBC}") = "TMemory03", "..\..\~Test\Memory\TMemory03\TMemory03.csproj", "{15E3FFD9-2745-4D9E-8145-4C352CF8013C}"
EndProject
Global
	GlobalSection(SolutionConfigurationPlatforms) = preSolution
		Debug|Any CPU = Debug|Any CPU
		Debug|x64 = Debug|x64
		Debug|x86 = Debug|x86
		Release|Any CPU = Release|Any CPU
		Release|x64 = Release|x64
		Release|x86 = Release|x86
	EndGlobalSection
	GlobalSection(ProjectConfigurationPlatforms) = postSolution
		{6D6B88D5-1A71-406C-9E6B-CF084657126B}.Debug|Any CPU.ActiveCfg = Debug|Any CPU
		{6D6B88D5-1A71-406C-9E6B-CF084657126B}.Debug|Any CPU.Build.0 = Debug|Any CPU
		{6D6B88D5-1A71-406C-9E6B-CF084657126B}.Debug|x64.ActiveCfg = Debug|Any CPU
		{6D6B88D5-1A71-406C-9E6B-CF084657126B}.Debug|x64.Build.0 = Debug|Any CPU
		{6D6B88D5-1A71-406C-9E6B-CF084657126B}.Debug|x86.ActiveCfg = Debug|Any CPU
		{6D6B88D5-1A71-406C-9E6B-CF084657126B}.Debug|x86.Build.0 = Debug|Any CPU
		{6D6B88D5-1A71-406C-9E6B-CF084657126B}.Release|Any CPU.ActiveCfg = Release|Any CPU
		{6D6B88D5-1A71-406C-9E6B-CF084657126B}.Release|Any CPU.Build.0 = Release|Any CPU
		{6D6B88D5-1A71-406C-9E6B-CF084657126B}.Release|x64.ActiveCfg = Release|Any CPU
		{6D6B88D5-1A71-406C-9E6B-CF084657126B}.Release|x64.Build.0 = Release|Any CPU
		{6D6B88D5-1A71-406C-9E6B-CF084657126B}.Release|x86.ActiveCfg = Release|Any CPU
		{6D6B88D5-1A71-406C-9E6B-CF084657126B}.Release|x86.Build.0 = Release|Any CPU
		{9B5ACCA0-E6DE-4851-B5F6-4E2154E06699}.Debug|Any CPU.ActiveCfg = Debug|Any CPU
		{9B5ACCA0-E6DE-4851-B5F6-4E2154E06699}.Debug|Any CPU.Build.0 = Debug|Any CPU
		{9B5ACCA0-E6DE-4851-B5F6-4E2154E06699}.Debug|x64.ActiveCfg = Debug|Any CPU
		{9B5ACCA0-E6DE-4851-B5F6-4E2154E06699}.Debug|x64.Build.0 = Debug|Any CPU
		{9B5ACCA0-E6DE-4851-B5F6-4E2154E06699}.Debug|x86.ActiveCfg = Debug|Any CPU
		{9B5ACCA0-E6DE-4851-B5F6-4E2154E06699}.Debug|x86.Build.0 = Debug|Any CPU
		{9B5ACCA0-E6DE-4851-B5F6-4E2154E06699}.Release|Any CPU.ActiveCfg = Release|Any CPU
		{9B5ACCA0-E6DE-4851-B5F6-4E2154E06699}.Release|Any CPU.Build.0 = Release|Any CPU
		{9B5ACCA0-E6DE-4851-B5F6-4E2154E06699}.Release|x64.ActiveCfg = Release|Any CPU
		{9B5ACCA0-E6DE-4851-B5F6-4E2154E06699}.Release|x64.Build.0 = Release|Any CPU
		{9B5ACCA0-E6DE-4851-B5F6-4E2154E06699}.Release|x86.ActiveCfg = Release|Any CPU
		{9B5ACCA0-E6DE-4851-B5F6-4E2154E06699}.Release|x86.Build.0 = Release|Any CPU
		{9CA2F6EF-1DC7-4890-8D71-548E870A9B1C}.Debug|Any CPU.ActiveCfg = Debug|Any CPU
		{9CA2F6EF-1DC7-4890-8D71-548E870A9B1C}.Debug|Any CPU.Build.0 = Debug|Any CPU
		{9CA2F6EF-1DC7-4890-8D71-548E870A9B1C}.Debug|x64.ActiveCfg = Debug|Any CPU
		{9CA2F6EF-1DC7-4890-8D71-548E870A9B1C}.Debug|x64.Build.0 = Debug|Any CPU
		{9CA2F6EF-1DC7-4890-8D71-548E870A9B1C}.Debug|x86.ActiveCfg = Debug|Any CPU
		{9CA2F6EF-1DC7-4890-8D71-548E870A9B1C}.Debug|x86.Build.0 = Debug|Any CPU
		{9CA2F6EF-1DC7-4890-8D71-548E870A9B1C}.Release|Any CPU.ActiveCfg = Release|Any CPU
		{9CA2F6EF-1DC7-4890-8D71-548E870A9B1C}.Release|Any CPU.Build.0 = Release|Any CPU
		{9CA2F6EF-1DC7-4890-8D71-548E870A9B1C}.Release|x64.ActiveCfg = Release|Any CPU
		{9CA2F6EF-1DC7-4890-8D71-548E870A9B1C}.Release|x64.Build.0 = Release|Any CPU
		{9CA2F6EF-1DC7-4890-8D71-548E870A9B1C}.Release|x86.ActiveCfg = Release|Any CPU
		{9CA2F6EF-1DC7-4890-8D71-548E870A9B1C}.Release|x86.Build.0 = Release|Any CPU
		{06980F00-0681-4B7E-9A72-EB8DD3914FA2}.Debug|Any CPU.ActiveCfg = Debug|Any CPU
		{06980F00-0681-4B7E-9A72-EB8DD3914FA2}.Debug|Any CPU.Build.0 = Debug|Any CPU
		{06980F00-0681-4B7E-9A72-EB8DD3914FA2}.Debug|x64.ActiveCfg = Debug|Any CPU
		{06980F00-0681-4B7E-9A72-EB8DD3914FA2}.Debug|x64.Build.0 = Debug|Any CPU
		{06980F00-0681-4B7E-9A72-EB8DD3914FA2}.Debug|x86.ActiveCfg = Debug|Any CPU
		{06980F00-0681-4B7E-9A72-EB8DD3914FA2}.Debug|x86.Build.0 = Debug|Any CPU
		{06980F00-0681-4B7E-9A72-EB8DD3914FA2}.Release|Any CPU.ActiveCfg = Release|Any CPU
		{06980F00-0681-4B7E-9A72-EB8DD3914FA2}.Release|Any CPU.Build.0 = Release|Any CPU
		{06980F00-0681-4B7E-9A72-EB8DD3914FA2}.Release|x64.ActiveCfg = Release|Any CPU
		{06980F00-0681-4B7E-9A72-EB8DD3914FA2}.Release|x64.Build.0 = Release|Any CPU
		{06980F00-0681-4B7E-9A72-EB8DD3914FA2}.Release|x86.ActiveCfg = Release|Any CPU
		{06980F00-0681-4B7E-9A72-EB8DD3914FA2}.Release|x86.Build.0 = Release|Any CPU
		{A8C8E869-2456-4655-869D-11A53A83DDFC}.Debug|Any CPU.ActiveCfg = Debug|Any CPU
		{A8C8E869-2456-4655-869D-11A53A83DDFC}.Debug|Any CPU.Build.0 = Debug|Any CPU
		{A8C8E869-2456-4655-869D-11A53A83DDFC}.Debug|x64.ActiveCfg = Debug|Any CPU
		{A8C8E869-2456-4655-869D-11A53A83DDFC}.Debug|x64.Build.0 = Debug|Any CPU
		{A8C8E869-2456-4655-869D-11A53A83DDFC}.Debug|x86.ActiveCfg = Debug|Any CPU
		{A8C8E869-2456-4655-869D-11A53A83DDFC}.Debug|x86.Build.0 = Debug|Any CPU
		{A8C8E869-2456-4655-869D-11A53A83DDFC}.Release|Any CPU.ActiveCfg = Release|Any CPU
		{A8C8E869-2456-4655-869D-11A53A83DDFC}.Release|Any CPU.Build.0 = Release|Any CPU
		{A8C8E869-2456-4655-869D-11A53A83DDFC}.Release|x64.ActiveCfg = Release|Any CPU
		{A8C8E869-2456-4655-869D-11A53A83DDFC}.Release|x64.Build.0 = Release|Any CPU
		{A8C8E869-2456-4655-869D-11A53A83DDFC}.Release|x86.ActiveCfg = Release|Any CPU
		{A8C8E869-2456-4655-869D-11A53A83DDFC}.Release|x86.Build.0 = Release|Any CPU
		{94489D1E-59BD-4126-A8E1-D353D67A6F7B}.Debug|Any CPU.ActiveCfg = Debug|Any CPU
		{94489D1E-59BD-4126-A8E1-D353D67A6F7B}.Debug|Any CPU.Build.0 = Debug|Any CPU
		{94489D1E-59BD-4126-A8E1-D353D67A6F7B}.Debug|x64.ActiveCfg = Debug|Any CPU
		{94489D1E-59BD-4126-A8E1-D353D67A6F7B}.Debug|x64.Build.0 = Debug|Any CPU
		{94489D1E-59BD-4126-A8E1-D353D67A6F7B}.Debug|x86.ActiveCfg = Debug|Any CPU
		{94489D1E-59BD-4126-A8E1-D353D67A6F7B}.Debug|x86.Build.0 = Debug|Any CPU
		{94489D1E-59BD-4126-A8E1-D353D67A6F7B}.Release|Any CPU.ActiveCfg = Release|Any CPU
		{94489D1E-59BD-4126-A8E1-D353D67A6F7B}.Release|Any CPU.Build.0 = Release|Any CPU
		{94489D1E-59BD-4126-A8E1-D353D67A6F7B}.Release|x64.ActiveCfg = Release|Any CPU
		{94489D1E-59BD-4126-A8E1-D353D67A6F7B}.Release|x64.Build.0 = Release|Any CPU
		{94489D1E-59BD-4126-A8E1-D353D67A6F7B}.Release|x86.ActiveCfg = Release|Any CPU
		{94489D1E-59BD-4126-A8E1-D353D67A6F7B}.Release|x86.Build.0 = Release|Any CPU
		{445DE45F-5654-4EFD-B6D8-F3D9BC77372B}.Debug|Any CPU.ActiveCfg = Debug|Any CPU
		{445DE45F-5654-4EFD-B6D8-F3D9BC77372B}.Debug|Any CPU.Build.0 = Debug|Any CPU
		{445DE45F-5654-4EFD-B6D8-F3D9BC77372B}.Debug|x64.ActiveCfg = Debug|Any CPU
		{445DE45F-5654-4EFD-B6D8-F3D9BC77372B}.Debug|x64.Build.0 = Debug|Any CPU
		{445DE45F-5654-4EFD-B6D8-F3D9BC77372B}.Debug|x86.ActiveCfg = Debug|Any CPU
		{445DE45F-5654-4EFD-B6D8-F3D9BC77372B}.Debug|x86.Build.0 = Debug|Any CPU
		{445DE45F-5654-4EFD-B6D8-F3D9BC77372B}.Release|Any CPU.ActiveCfg = Release|Any CPU
		{445DE45F-5654-4EFD-B6D8-F3D9BC77372B}.Release|Any CPU.Build.0 = Release|Any CPU
		{445DE45F-5654-4EFD-B6D8-F3D9BC77372B}.Release|x64.ActiveCfg = Release|Any CPU
		{445DE45F-5654-4EFD-B6D8-F3D9BC77372B}.Release|x64.Build.0 = Release|Any CPU
		{445DE45F-5654-4EFD-B6D8-F3D9BC77372B}.Release|x86.ActiveCfg = Release|Any CPU
		{445DE45F-5654-4EFD-B6D8-F3D9BC77372B}.Release|x86.Build.0 = Release|Any CPU
		{1A7FC8BA-D83C-8130-8428-BF6D05CC41BA}.Debug|Any CPU.ActiveCfg = Debug|Any CPU
		{1A7FC8BA-D83C-8130-8428-BF6D05CC41BA}.Debug|Any CPU.Build.0 = Debug|Any CPU
		{1A7FC8BA-D83C-8130-8428-BF6D05CC41BA}.Debug|x64.ActiveCfg = Debug|Any CPU
		{1A7FC8BA-D83C-8130-8428-BF6D05CC41BA}.Debug|x64.Build.0 = Debug|Any CPU
		{1A7FC8BA-D83C-8130-8428-BF6D05CC41BA}.Debug|x86.ActiveCfg = Debug|Any CPU
		{1A7FC8BA-D83C-8130-8428-BF6D05CC41BA}.Debug|x86.Build.0 = Debug|Any CPU
		{1A7FC8BA-D83C-8130-8428-BF6D05CC41BA}.Release|Any CPU.ActiveCfg = Release|Any CPU
		{1A7FC8BA-D83C-8130-8428-BF6D05CC41BA}.Release|Any CPU.Build.0 = Release|Any CPU
		{1A7FC8BA-D83C-8130-8428-BF6D05CC41BA}.Release|x64.ActiveCfg = Release|Any CPU
		{1A7FC8BA-D83C-8130-8428-BF6D05CC41BA}.Release|x64.Build.0 = Release|Any CPU
		{1A7FC8BA-D83C-8130-8428-BF6D05CC41BA}.Release|x86.ActiveCfg = Release|Any CPU
		{1A7FC8BA-D83C-8130-8428-BF6D05CC41BA}.Release|x86.Build.0 = Release|Any CPU
		{90FBD103-63F7-5293-A398-EB6C6C9AD3B2}.Debug|Any CPU.ActiveCfg = Debug|Any CPU
		{90FBD103-63F7-5293-A398-EB6C6C9AD3B2}.Debug|Any CPU.Build.0 = Debug|Any CPU
		{90FBD103-63F7-5293-A398-EB6C6C9AD3B2}.Debug|x64.ActiveCfg = Debug|Any CPU
		{90FBD103-63F7-5293-A398-EB6C6C9AD3B2}.Debug|x64.Build.0 = Debug|Any CPU
		{90FBD103-63F7-5293-A398-EB6C6C9AD3B2}.Debug|x86.ActiveCfg = Debug|Any CPU
		{90FBD103-63F7-5293-A398-EB6C6C9AD3B2}.Debug|x86.Build.0 = Debug|Any CPU
		{90FBD103-63F7-5293-A398-EB6C6C9AD3B2}.Release|Any CPU.ActiveCfg = Release|Any CPU
		{90FBD103-63F7-5293-A398-EB6C6C9AD3B2}.Release|Any CPU.Build.0 = Release|Any CPU
		{90FBD103-63F7-5293-A398-EB6C6C9AD3B2}.Release|x64.ActiveCfg = Release|Any CPU
		{90FBD103-63F7-5293-A398-EB6C6C9AD3B2}.Release|x64.Build.0 = Release|Any CPU
		{90FBD103-63F7-5293-A398-EB6C6C9AD3B2}.Release|x86.ActiveCfg = Release|Any CPU
		{90FBD103-63F7-5293-A398-EB6C6C9AD3B2}.Release|x86.Build.0 = Release|Any CPU
		{DBAC44C9-3AF2-64F6-B8C2-99C8B4C8EB70}.Debug|Any CPU.ActiveCfg = Debug|Any CPU
		{DBAC44C9-3AF2-64F6-B8C2-99C8B4C8EB70}.Debug|Any CPU.Build.0 = Debug|Any CPU
		{DBAC44C9-3AF2-64F6-B8C2-99C8B4C8EB70}.Debug|x64.ActiveCfg = Debug|Any CPU
		{DBAC44C9-3AF2-64F6-B8C2-99C8B4C8EB70}.Debug|x64.Build.0 = Debug|Any CPU
		{DBAC44C9-3AF2-64F6-B8C2-99C8B4C8EB70}.Debug|x86.ActiveCfg = Debug|Any CPU
		{DBAC44C9-3AF2-64F6-B8C2-99C8B4C8EB70}.Debug|x86.Build.0 = Debug|Any CPU
		{DBAC44C9-3AF2-64F6-B8C2-99C8B4C8EB70}.Release|Any CPU.ActiveCfg = Release|Any CPU
		{DBAC44C9-3AF2-64F6-B8C2-99C8B4C8EB70}.Release|Any CPU.Build.0 = Release|Any CPU
		{DBAC44C9-3AF2-64F6-B8C2-99C8B4C8EB70}.Release|x64.ActiveCfg = Release|Any CPU
		{DBAC44C9-3AF2-64F6-B8C2-99C8B4C8EB70}.Release|x64.Build.0 = Release|Any CPU
		{DBAC44C9-3AF2-64F6-B8C2-99C8B4C8EB70}.Release|x86.ActiveCfg = Release|Any CPU
		{DBAC44C9-3AF2-64F6-B8C2-99C8B4C8EB70}.Release|x86.Build.0 = Release|Any CPU
		{BFD7F051-ADD1-983A-0965-D930BD9EF839}.Debug|Any CPU.ActiveCfg = Debug|Any CPU
		{BFD7F051-ADD1-983A-0965-D930BD9EF839}.Debug|Any CPU.Build.0 = Debug|Any CPU
		{BFD7F051-ADD1-983A-0965-D930BD9EF839}.Debug|x64.ActiveCfg = Debug|Any CPU
		{BFD7F051-ADD1-983A-0965-D930BD9EF839}.Debug|x64.Build.0 = Debug|Any CPU
		{BFD7F051-ADD1-983A-0965-D930BD9EF839}.Debug|x86.ActiveCfg = Debug|Any CPU
		{BFD7F051-ADD1-983A-0965-D930BD9EF839}.Debug|x86.Build.0 = Debug|Any CPU
		{BFD7F051-ADD1-983A-0965-D930BD9EF839}.Release|Any CPU.ActiveCfg = Release|Any CPU
		{BFD7F051-ADD1-983A-0965-D930BD9EF839}.Release|Any CPU.Build.0 = Release|Any CPU
		{BFD7F051-ADD1-983A-0965-D930BD9EF839}.Release|x64.ActiveCfg = Release|Any CPU
		{BFD7F051-ADD1-983A-0965-D930BD9EF839}.Release|x64.Build.0 = Release|Any CPU
		{BFD7F051-ADD1-983A-0965-D930BD9EF839}.Release|x86.ActiveCfg = Release|Any CPU
		{BFD7F051-ADD1-983A-0965-D930BD9EF839}.Release|x86.Build.0 = Release|Any CPU
		{627277BE-7217-67DC-F059-9C23E5F67816}.Debug|Any CPU.ActiveCfg = Debug|Any CPU
		{627277BE-7217-67DC-F059-9C23E5F67816}.Debug|Any CPU.Build.0 = Debug|Any CPU
		{627277BE-7217-67DC-F059-9C23E5F67816}.Debug|x64.ActiveCfg = Debug|Any CPU
		{627277BE-7217-67DC-F059-9C23E5F67816}.Debug|x64.Build.0 = Debug|Any CPU
		{627277BE-7217-67DC-F059-9C23E5F67816}.Debug|x86.ActiveCfg = Debug|Any CPU
		{627277BE-7217-67DC-F059-9C23E5F67816}.Debug|x86.Build.0 = Debug|Any CPU
		{627277BE-7217-67DC-F059-9C23E5F67816}.Release|Any CPU.ActiveCfg = Release|Any CPU
		{627277BE-7217-67DC-F059-9C23E5F67816}.Release|Any CPU.Build.0 = Release|Any CPU
		{627277BE-7217-67DC-F059-9C23E5F67816}.Release|x64.ActiveCfg = Release|Any CPU
		{627277BE-7217-67DC-F059-9C23E5F67816}.Release|x64.Build.0 = Release|Any CPU
		{627277BE-7217-67DC-F059-9C23E5F67816}.Release|x86.ActiveCfg = Release|Any CPU
		{627277BE-7217-67DC-F059-9C23E5F67816}.Release|x86.Build.0 = Release|Any CPU
		{34E004D3-3F36-739E-7367-4358A5524065}.Debug|Any CPU.ActiveCfg = Debug|Any CPU
		{34E004D3-3F36-739E-7367-4358A5524065}.Debug|Any CPU.Build.0 = Debug|Any CPU
		{34E004D3-3F36-739E-7367-4358A5524065}.Debug|x64.ActiveCfg = Debug|Any CPU
		{34E004D3-3F36-739E-7367-4358A5524065}.Debug|x64.Build.0 = Debug|Any CPU
		{34E004D3-3F36-739E-7367-4358A5524065}.Debug|x86.ActiveCfg = Debug|Any CPU
		{34E004D3-3F36-739E-7367-4358A5524065}.Debug|x86.Build.0 = Debug|Any CPU
		{34E004D3-3F36-739E-7367-4358A5524065}.Release|Any CPU.ActiveCfg = Release|Any CPU
		{34E004D3-3F36-739E-7367-4358A5524065}.Release|Any CPU.Build.0 = Release|Any CPU
		{34E004D3-3F36-739E-7367-4358A5524065}.Release|x64.ActiveCfg = Release|Any CPU
		{34E004D3-3F36-739E-7367-4358A5524065}.Release|x64.Build.0 = Release|Any CPU
		{34E004D3-3F36-739E-7367-4358A5524065}.Release|x86.ActiveCfg = Release|Any CPU
		{34E004D3-3F36-739E-7367-4358A5524065}.Release|x86.Build.0 = Release|Any CPU
		{0075997B-D425-AE49-8B6D-26D9B0D25EF4}.Debug|Any CPU.ActiveCfg = Debug|Any CPU
		{0075997B-D425-AE49-8B6D-26D9B0D25EF4}.Debug|Any CPU.Build.0 = Debug|Any CPU
		{0075997B-D425-AE49-8B6D-26D9B0D25EF4}.Debug|x64.ActiveCfg = Debug|Any CPU
		{0075997B-D425-AE49-8B6D-26D9B0D25EF4}.Debug|x64.Build.0 = Debug|Any CPU
		{0075997B-D425-AE49-8B6D-26D9B0D25EF4}.Debug|x86.ActiveCfg = Debug|Any CPU
		{0075997B-D425-AE49-8B6D-26D9B0D25EF4}.Debug|x86.Build.0 = Debug|Any CPU
		{0075997B-D425-AE49-8B6D-26D9B0D25EF4}.Release|Any CPU.ActiveCfg = Release|Any CPU
		{0075997B-D425-AE49-8B6D-26D9B0D25EF4}.Release|Any CPU.Build.0 = Release|Any CPU
		{0075997B-D425-AE49-8B6D-26D9B0D25EF4}.Release|x64.ActiveCfg = Release|Any CPU
		{0075997B-D425-AE49-8B6D-26D9B0D25EF4}.Release|x64.Build.0 = Release|Any CPU
		{0075997B-D425-AE49-8B6D-26D9B0D25EF4}.Release|x86.ActiveCfg = Release|Any CPU
		{0075997B-D425-AE49-8B6D-26D9B0D25EF4}.Release|x86.Build.0 = Release|Any CPU
		{79053DF6-EE81-DE18-CC4A-4A4837DC1304}.Debug|Any CPU.ActiveCfg = Debug|Any CPU
		{79053DF6-EE81-DE18-CC4A-4A4837DC1304}.Debug|Any CPU.Build.0 = Debug|Any CPU
		{79053DF6-EE81-DE18-CC4A-4A4837DC1304}.Debug|x64.ActiveCfg = Debug|Any CPU
		{79053DF6-EE81-DE18-CC4A-4A4837DC1304}.Debug|x64.Build.0 = Debug|Any CPU
		{79053DF6-EE81-DE18-CC4A-4A4837DC1304}.Debug|x86.ActiveCfg = Debug|Any CPU
		{79053DF6-EE81-DE18-CC4A-4A4837DC1304}.Debug|x86.Build.0 = Debug|Any CPU
		{79053DF6-EE81-DE18-CC4A-4A4837DC1304}.Release|Any CPU.ActiveCfg = Release|Any CPU
		{79053DF6-EE81-DE18-CC4A-4A4837DC1304}.Release|Any CPU.Build.0 = Release|Any CPU
		{79053DF6-EE81-DE18-CC4A-4A4837DC1304}.Release|x64.ActiveCfg = Release|Any CPU
		{79053DF6-EE81-DE18-CC4A-4A4837DC1304}.Release|x64.Build.0 = Release|Any CPU
		{79053DF6-EE81-DE18-CC4A-4A4837DC1304}.Release|x86.ActiveCfg = Release|Any CPU
		{79053DF6-EE81-DE18-CC4A-4A4837DC1304}.Release|x86.Build.0 = Release|Any CPU
		{EE53F51C-428B-4A72-8FFC-2CA9CCAA98C1}.Debug|Any CPU.ActiveCfg = Debug|Any CPU
		{EE53F51C-428B-4A72-8FFC-2CA9CCAA98C1}.Debug|Any CPU.Build.0 = Debug|Any CPU
		{EE53F51C-428B-4A72-8FFC-2CA9CCAA98C1}.Debug|x64.ActiveCfg = Debug|Any CPU
		{EE53F51C-428B-4A72-8FFC-2CA9CCAA98C1}.Debug|x64.Build.0 = Debug|Any CPU
		{EE53F51C-428B-4A72-8FFC-2CA9CCAA98C1}.Debug|x86.ActiveCfg = Debug|Any CPU
		{EE53F51C-428B-4A72-8FFC-2CA9CCAA98C1}.Debug|x86.Build.0 = Debug|Any CPU
		{EE53F51C-428B-4A72-8FFC-2CA9CCAA98C1}.Release|Any CPU.ActiveCfg = Release|Any CPU
		{EE53F51C-428B-4A72-8FFC-2CA9CCAA98C1}.Release|Any CPU.Build.0 = Release|Any CPU
		{EE53F51C-428B-4A72-8FFC-2CA9CCAA98C1}.Release|x64.ActiveCfg = Release|Any CPU
		{EE53F51C-428B-4A72-8FFC-2CA9CCAA98C1}.Release|x64.Build.0 = Release|Any CPU
		{EE53F51C-428B-4A72-8FFC-2CA9CCAA98C1}.Release|x86.ActiveCfg = Release|Any CPU
		{EE53F51C-428B-4A72-8FFC-2CA9CCAA98C1}.Release|x86.Build.0 = Release|Any CPU
		{1DE7FF92-9095-4C56-AB0A-2F0432648A11}.Debug|Any CPU.ActiveCfg = Debug|Any CPU
		{1DE7FF92-9095-4C56-AB0A-2F0432648A11}.Debug|Any CPU.Build.0 = Debug|Any CPU
		{1DE7FF92-9095-4C56-AB0A-2F0432648A11}.Debug|x64.ActiveCfg = Debug|Any CPU
		{1DE7FF92-9095-4C56-AB0A-2F0432648A11}.Debug|x64.Build.0 = Debug|Any CPU
		{1DE7FF92-9095-4C56-AB0A-2F0432648A11}.Debug|x86.ActiveCfg = Debug|Any CPU
		{1DE7FF92-9095-4C56-AB0A-2F0432648A11}.Debug|x86.Build.0 = Debug|Any CPU
		{1DE7FF92-9095-4C56-AB0A-2F0432648A11}.Release|Any CPU.ActiveCfg = Release|Any CPU
		{1DE7FF92-9095-4C56-AB0A-2F0432648A11}.Release|Any CPU.Build.0 = Release|Any CPU
		{1DE7FF92-9095-4C56-AB0A-2F0432648A11}.Release|x64.ActiveCfg = Release|Any CPU
		{1DE7FF92-9095-4C56-AB0A-2F0432648A11}.Release|x64.Build.0 = Release|Any CPU
		{1DE7FF92-9095-4C56-AB0A-2F0432648A11}.Release|x86.ActiveCfg = Release|Any CPU
		{1DE7FF92-9095-4C56-AB0A-2F0432648A11}.Release|x86.Build.0 = Release|Any CPU
		{8B349350-F3C0-4545-AC44-55D0BB643F7D}.Debug|Any CPU.ActiveCfg = Debug|Any CPU
		{8B349350-F3C0-4545-AC44-55D0BB643F7D}.Debug|Any CPU.Build.0 = Debug|Any CPU
		{8B349350-F3C0-4545-AC44-55D0BB643F7D}.Debug|x64.ActiveCfg = Debug|Any CPU
		{8B349350-F3C0-4545-AC44-55D0BB643F7D}.Debug|x64.Build.0 = Debug|Any CPU
		{8B349350-F3C0-4545-AC44-55D0BB643F7D}.Debug|x86.ActiveCfg = Debug|Any CPU
		{8B349350-F3C0-4545-AC44-55D0BB643F7D}.Debug|x86.Build.0 = Debug|Any CPU
		{8B349350-F3C0-4545-AC44-55D0BB643F7D}.Release|Any CPU.ActiveCfg = Release|Any CPU
		{8B349350-F3C0-4545-AC44-55D0BB643F7D}.Release|Any CPU.Build.0 = Release|Any CPU
		{8B349350-F3C0-4545-AC44-55D0BB643F7D}.Release|x64.ActiveCfg = Release|Any CPU
		{8B349350-F3C0-4545-AC44-55D0BB643F7D}.Release|x64.Build.0 = Release|Any CPU
		{8B349350-F3C0-4545-AC44-55D0BB643F7D}.Release|x86.ActiveCfg = Release|Any CPU
		{8B349350-F3C0-4545-AC44-55D0BB643F7D}.Release|x86.Build.0 = Release|Any CPU
		{0C37365C-A6C4-4544-8970-EBCBC5065998}.Debug|Any CPU.ActiveCfg = Debug|Any CPU
		{0C37365C-A6C4-4544-8970-EBCBC5065998}.Debug|Any CPU.Build.0 = Debug|Any CPU
		{0C37365C-A6C4-4544-8970-EBCBC5065998}.Debug|x64.ActiveCfg = Debug|Any CPU
		{0C37365C-A6C4-4544-8970-EBCBC5065998}.Debug|x64.Build.0 = Debug|Any CPU
		{0C37365C-A6C4-4544-8970-EBCBC5065998}.Debug|x86.ActiveCfg = Debug|Any CPU
		{0C37365C-A6C4-4544-8970-EBCBC5065998}.Debug|x86.Build.0 = Debug|Any CPU
		{0C37365C-A6C4-4544-8970-EBCBC5065998}.Release|Any CPU.ActiveCfg = Release|Any CPU
		{0C37365C-A6C4-4544-8970-EBCBC5065998}.Release|Any CPU.Build.0 = Release|Any CPU
		{0C37365C-A6C4-4544-8970-EBCBC5065998}.Release|x64.ActiveCfg = Release|Any CPU
		{0C37365C-A6C4-4544-8970-EBCBC5065998}.Release|x64.Build.0 = Release|Any CPU
		{0C37365C-A6C4-4544-8970-EBCBC5065998}.Release|x86.ActiveCfg = Release|Any CPU
		{0C37365C-A6C4-4544-8970-EBCBC5065998}.Release|x86.Build.0 = Release|Any CPU
		{35ABC1A5-D6CB-45BD-AAF2-963E90A31977}.Debug|Any CPU.ActiveCfg = Debug|Any CPU
		{35ABC1A5-D6CB-45BD-AAF2-963E90A31977}.Debug|Any CPU.Build.0 = Debug|Any CPU
		{35ABC1A5-D6CB-45BD-AAF2-963E90A31977}.Debug|x64.ActiveCfg = Debug|Any CPU
		{35ABC1A5-D6CB-45BD-AAF2-963E90A31977}.Debug|x64.Build.0 = Debug|Any CPU
		{35ABC1A5-D6CB-45BD-AAF2-963E90A31977}.Debug|x86.ActiveCfg = Debug|Any CPU
		{35ABC1A5-D6CB-45BD-AAF2-963E90A31977}.Debug|x86.Build.0 = Debug|Any CPU
		{35ABC1A5-D6CB-45BD-AAF2-963E90A31977}.Release|Any CPU.ActiveCfg = Release|Any CPU
		{35ABC1A5-D6CB-45BD-AAF2-963E90A31977}.Release|Any CPU.Build.0 = Release|Any CPU
		{35ABC1A5-D6CB-45BD-AAF2-963E90A31977}.Release|x64.ActiveCfg = Release|Any CPU
		{35ABC1A5-D6CB-45BD-AAF2-963E90A31977}.Release|x64.Build.0 = Release|Any CPU
		{35ABC1A5-D6CB-45BD-AAF2-963E90A31977}.Release|x86.ActiveCfg = Release|Any CPU
		{35ABC1A5-D6CB-45BD-AAF2-963E90A31977}.Release|x86.Build.0 = Release|Any CPU
		{892A1B79-2E4F-499A-81EA-F8ED6D4A11A0}.Debug|Any CPU.ActiveCfg = Debug|Any CPU
		{892A1B79-2E4F-499A-81EA-F8ED6D4A11A0}.Debug|Any CPU.Build.0 = Debug|Any CPU
		{892A1B79-2E4F-499A-81EA-F8ED6D4A11A0}.Debug|x64.ActiveCfg = Debug|Any CPU
		{892A1B79-2E4F-499A-81EA-F8ED6D4A11A0}.Debug|x64.Build.0 = Debug|Any CPU
		{892A1B79-2E4F-499A-81EA-F8ED6D4A11A0}.Debug|x86.ActiveCfg = Debug|Any CPU
		{892A1B79-2E4F-499A-81EA-F8ED6D4A11A0}.Debug|x86.Build.0 = Debug|Any CPU
		{892A1B79-2E4F-499A-81EA-F8ED6D4A11A0}.Release|Any CPU.ActiveCfg = Release|Any CPU
		{892A1B79-2E4F-499A-81EA-F8ED6D4A11A0}.Release|Any CPU.Build.0 = Release|Any CPU
		{892A1B79-2E4F-499A-81EA-F8ED6D4A11A0}.Release|x64.ActiveCfg = Release|Any CPU
		{892A1B79-2E4F-499A-81EA-F8ED6D4A11A0}.Release|x64.Build.0 = Release|Any CPU
		{892A1B79-2E4F-499A-81EA-F8ED6D4A11A0}.Release|x86.ActiveCfg = Release|Any CPU
		{892A1B79-2E4F-499A-81EA-F8ED6D4A11A0}.Release|x86.Build.0 = Release|Any CPU
		{FECF362A-1299-4FC0-A3DE-A67A65BFE5AC}.Debug|Any CPU.ActiveCfg = Debug|Any CPU
		{FECF362A-1299-4FC0-A3DE-A67A65BFE5AC}.Debug|Any CPU.Build.0 = Debug|Any CPU
		{FECF362A-1299-4FC0-A3DE-A67A65BFE5AC}.Debug|x64.ActiveCfg = Debug|Any CPU
		{FECF362A-1299-4FC0-A3DE-A67A65BFE5AC}.Debug|x64.Build.0 = Debug|Any CPU
		{FECF362A-1299-4FC0-A3DE-A67A65BFE5AC}.Debug|x86.ActiveCfg = Debug|Any CPU
		{FECF362A-1299-4FC0-A3DE-A67A65BFE5AC}.Debug|x86.Build.0 = Debug|Any CPU
		{FECF362A-1299-4FC0-A3DE-A67A65BFE5AC}.Release|Any CPU.ActiveCfg = Release|Any CPU
		{FECF362A-1299-4FC0-A3DE-A67A65BFE5AC}.Release|Any CPU.Build.0 = Release|Any CPU
		{FECF362A-1299-4FC0-A3DE-A67A65BFE5AC}.Release|x64.ActiveCfg = Release|Any CPU
		{FECF362A-1299-4FC0-A3DE-A67A65BFE5AC}.Release|x64.Build.0 = Release|Any CPU
		{FECF362A-1299-4FC0-A3DE-A67A65BFE5AC}.Release|x86.ActiveCfg = Release|Any CPU
		{FECF362A-1299-4FC0-A3DE-A67A65BFE5AC}.Release|x86.Build.0 = Release|Any CPU
		{171E80CA-FACF-45ED-A19E-0C88F0A49B2E}.Debug|Any CPU.ActiveCfg = Debug|Any CPU
		{171E80CA-FACF-45ED-A19E-0C88F0A49B2E}.Debug|Any CPU.Build.0 = Debug|Any CPU
		{171E80CA-FACF-45ED-A19E-0C88F0A49B2E}.Debug|x64.ActiveCfg = Debug|Any CPU
		{171E80CA-FACF-45ED-A19E-0C88F0A49B2E}.Debug|x64.Build.0 = Debug|Any CPU
		{171E80CA-FACF-45ED-A19E-0C88F0A49B2E}.Debug|x86.ActiveCfg = Debug|Any CPU
		{171E80CA-FACF-45ED-A19E-0C88F0A49B2E}.Debug|x86.Build.0 = Debug|Any CPU
		{171E80CA-FACF-45ED-A19E-0C88F0A49B2E}.Release|Any CPU.ActiveCfg = Release|Any CPU
		{171E80CA-FACF-45ED-A19E-0C88F0A49B2E}.Release|Any CPU.Build.0 = Release|Any CPU
		{171E80CA-FACF-45ED-A19E-0C88F0A49B2E}.Release|x64.ActiveCfg = Release|Any CPU
		{171E80CA-FACF-45ED-A19E-0C88F0A49B2E}.Release|x64.Build.0 = Release|Any CPU
		{171E80CA-FACF-45ED-A19E-0C88F0A49B2E}.Release|x86.ActiveCfg = Release|Any CPU
		{171E80CA-FACF-45ED-A19E-0C88F0A49B2E}.Release|x86.Build.0 = Release|Any CPU
		{C4F43FA7-15DB-48AC-8DFB-81384B72F7B4}.Debug|Any CPU.ActiveCfg = Debug|Any CPU
		{C4F43FA7-15DB-48AC-8DFB-81384B72F7B4}.Debug|Any CPU.Build.0 = Debug|Any CPU
		{C4F43FA7-15DB-48AC-8DFB-81384B72F7B4}.Debug|x64.ActiveCfg = Debug|Any CPU
		{C4F43FA7-15DB-48AC-8DFB-81384B72F7B4}.Debug|x64.Build.0 = Debug|Any CPU
		{C4F43FA7-15DB-48AC-8DFB-81384B72F7B4}.Debug|x86.ActiveCfg = Debug|Any CPU
		{C4F43FA7-15DB-48AC-8DFB-81384B72F7B4}.Debug|x86.Build.0 = Debug|Any CPU
		{C4F43FA7-15DB-48AC-8DFB-81384B72F7B4}.Release|Any CPU.ActiveCfg = Release|Any CPU
		{C4F43FA7-15DB-48AC-8DFB-81384B72F7B4}.Release|Any CPU.Build.0 = Release|Any CPU
		{C4F43FA7-15DB-48AC-8DFB-81384B72F7B4}.Release|x64.ActiveCfg = Release|Any CPU
		{C4F43FA7-15DB-48AC-8DFB-81384B72F7B4}.Release|x64.Build.0 = Release|Any CPU
		{C4F43FA7-15DB-48AC-8DFB-81384B72F7B4}.Release|x86.ActiveCfg = Release|Any CPU
		{C4F43FA7-15DB-48AC-8DFB-81384B72F7B4}.Release|x86.Build.0 = Release|Any CPU
		{15E3FFD9-2745-4D9E-8145-4C352CF8013C}.Debug|Any CPU.ActiveCfg = Debug|Any CPU
		{15E3FFD9-2745-4D9E-8145-4C352CF8013C}.Debug|Any CPU.Build.0 = Debug|Any CPU
		{15E3FFD9-2745-4D9E-8145-4C352CF8013C}.Debug|x64.ActiveCfg = Debug|Any CPU
		{15E3FFD9-2745-4D9E-8145-4C352CF8013C}.Debug|x64.Build.0 = Debug|Any CPU
		{15E3FFD9-2745-4D9E-8145-4C352CF8013C}.Debug|x86.ActiveCfg = Debug|Any CPU
		{15E3FFD9-2745-4D9E-8145-4C352CF8013C}.Debug|x86.Build.0 = Debug|Any CPU
		{15E3FFD9-2745-4D9E-8145-4C352CF8013C}.Release|Any CPU.ActiveCfg = Release|Any CPU
		{15E3FFD9-2745-4D9E-8145-4C352CF8013C}.Release|Any CPU.Build.0 = Release|Any CPU
		{15E3FFD9-2745-4D9E-8145-4C352CF8013C}.Release|x64.ActiveCfg = Release|Any CPU
		{15E3FFD9-2745-4D9E-8145-4C352CF8013C}.Release|x64.Build.0 = Release|Any CPU
		{15E3FFD9-2745-4D9E-8145-4C352CF8013C}.Release|x86.ActiveCfg = Release|Any CPU
		{15E3FFD9-2745-4D9E-8145-4C352CF8013C}.Release|x86.Build.0 = Release|Any CPU
	EndGlobalSection
	GlobalSection(SolutionProperties) = preSolution
		HideSolutionNode = FALSE
	EndGlobalSection
	GlobalSection(NestedProjects) = preSolution
		{6D6B88D5-1A71-406C-9E6B-CF084657126B} = {36D591C7-65C7-A0D1-1CBC-10CDE441BDC8}
		{9B5ACCA0-E6DE-4851-B5F6-4E2154E06699} = {DB8F4A83-C1AE-420F-8EA9-30225032C5A7}
		{9CA2F6EF-1DC7-4890-8D71-548E870A9B1C} = {36D591C7-65C7-A0D1-1CBC-10CDE441BDC8}
		{06980F00-0681-4B7E-9A72-EB8DD3914FA2} = {36D591C7-65C7-A0D1-1CBC-10CDE441BDC8}
		{A8C8E869-2456-4655-869D-11A53A83DDFC} = {36D591C7-65C7-A0D1-1CBC-10CDE441BDC8}
		{94489D1E-59BD-4126-A8E1-D353D67A6F7B} = {9ADF30BB-E343-4D0E-8FF4-76A859CFE974}
		{445DE45F-5654-4EFD-B6D8-F3D9BC77372B} = {DB8F4A83-C1AE-420F-8EA9-30225032C5A7}
		{0BF13086-B540-4C9D-BA4E-241F1949B2BC} = {801FAE19-A24C-4B1F-A88E-A276906DFD62}
		{EF52DCD1-73C7-4C7F-859B-07A959046D86} = {0BF13086-B540-4C9D-BA4E-241F1949B2BC}
		{4276BADC-30AC-4185-B6B7-105AEF85165F} = {0BF13086-B540-4C9D-BA4E-241F1949B2BC}
		{F6385FA3-847D-42F0-8A1A-3FEBAA3FA752} = {0BF13086-B540-4C9D-BA4E-241F1949B2BC}
		{1A7FC8BA-D83C-8130-8428-BF6D05CC41BA} = {EF52DCD1-73C7-4C7F-859B-07A959046D86}
		{90FBD103-63F7-5293-A398-EB6C6C9AD3B2} = {EF52DCD1-73C7-4C7F-859B-07A959046D86}
		{DBAC44C9-3AF2-64F6-B8C2-99C8B4C8EB70} = {F6385FA3-847D-42F0-8A1A-3FEBAA3FA752}
		{BFD7F051-ADD1-983A-0965-D930BD9EF839} = {F6385FA3-847D-42F0-8A1A-3FEBAA3FA752}
		{627277BE-7217-67DC-F059-9C23E5F67816} = {4276BADC-30AC-4185-B6B7-105AEF85165F}
		{34E004D3-3F36-739E-7367-4358A5524065} = {4276BADC-30AC-4185-B6B7-105AEF85165F}
		{0075997B-D425-AE49-8B6D-26D9B0D25EF4} = {4276BADC-30AC-4185-B6B7-105AEF85165F}
		{79053DF6-EE81-DE18-CC4A-4A4837DC1304} = {4276BADC-30AC-4185-B6B7-105AEF85165F}
		{EE53F51C-428B-4A72-8FFC-2CA9CCAA98C1} = {4276BADC-30AC-4185-B6B7-105AEF85165F}
		{1DE7FF92-9095-4C56-AB0A-2F0432648A11} = {4276BADC-30AC-4185-B6B7-105AEF85165F}
		{4F423520-1794-49D3-8A3D-5B7B2560E4CA} = {0BF13086-B540-4C9D-BA4E-241F1949B2BC}
		{8B349350-F3C0-4545-AC44-55D0BB643F7D} = {4F423520-1794-49D3-8A3D-5B7B2560E4CA}
		{0C37365C-A6C4-4544-8970-EBCBC5065998} = {4F423520-1794-49D3-8A3D-5B7B2560E4CA}
		{35ABC1A5-D6CB-45BD-AAF2-963E90A31977} = {4F423520-1794-49D3-8A3D-5B7B2560E4CA}
		{892A1B79-2E4F-499A-81EA-F8ED6D4A11A0} = {4F423520-1794-49D3-8A3D-5B7B2560E4CA}
		{FECF362A-1299-4FC0-A3DE-A67A65BFE5AC} = {4F423520-1794-49D3-8A3D-5B7B2560E4CA}
		{D28DBAE2-F052-4766-A532-23CE6AEA809B} = {801FAE19-A24C-4B1F-A88E-A276906DFD62}
		{171E80CA-FACF-45ED-A19E-0C88F0A49B2E} = {D28DBAE2-F052-4766-A532-23CE6AEA809B}
		{C4F43FA7-15DB-48AC-8DFB-81384B72F7B4} = {9ADF30BB-E343-4D0E-8FF4-76A859CFE974}
		{15E3FFD9-2745-4D9E-8145-4C352CF8013C} = {D28DBAE2-F052-4766-A532-23CE6AEA809B}
	EndGlobalSection
	GlobalSection(ExtensibilityGlobals) = postSolution
		SolutionGuid = {5D09DC24-382B-4BCF-82E3-39561955230C}
	EndGlobalSection
EndGlobal
