
Microsoft Visual Studio Solution File, Format Version 12.00
# Visual Studio Version 17
VisualStudioVersion = 17.14.36119.2
MinimumVisualStudioVersion = 10.0.40219.1
Project("{FAE04EC0-301F-11D3-BF4B-00C04F79EFBC}") = "DeskTop", "DeskTop.csproj", "{6D6B88D5-1A71-406C-9E6B-CF084657126B}"
EndProject
Project("{2150E333-8FDC-42A3-9474-1A3956D46DE8}") = "Core", "Core", "{36D591C7-65C7-A0D1-1CBC-10CDE441BDC8}"
EndProject
Project("{2150E333-8FDC-42A3-9474-1A3956D46DE8}") = "Datas", "Datas", "{9ADF30BB-E343-4D0E-8FF4-76A859CFE974}"
EndProject
Project("{2150E333-8FDC-42A3-9474-1A3956D46DE8}") = "Viev", "Viev", "{DB8F4A83-C1AE-420F-8EA9-30225032C5A7}"
EndProject
Project("{FAE04EC0-301F-11D3-BF4B-00C04F79EFBC}") = "Driver", "..\..\View\Driver\Driver.csproj", "{9B5ACCA0-E6DE-4851-B5F6-4E2154E06699}"
EndProject
Project("{FAE04EC0-301F-11D3-BF4B-00C04F79EFBC}") = "Common", "..\Common\Common.csproj", "{9CA2F6EF-1DC7-4890-8D71-548E870A9B1C}"
EndProject
Project("{FAE04EC0-301F-11D3-BF4B-00C04F79EFBC}") = "Logger", "..\Logger\Logger.csproj", "{06980F00-0681-4B7E-9A72-EB8DD3914FA2}"
EndProject
Project("{FAE04EC0-301F-11D3-BF4B-00C04F79EFBC}") = "Modules", "..\Modules\Modules.csproj", "{A8C8E869-2456-4655-869D-11A53A83DDFC}"
EndProject
Project("{FAE04EC0-301F-11D3-BF4B-00C04F79EFBC}") = "Data", "..\..\Datas\Data\Data.csproj", "{94489D1E-59BD-4126-A8E1-D353D67A6F7B}"
EndProject
Project("{FAE04EC0-301F-11D3-BF4B-00C04F79EFBC}") = "WOpenCL", "..\WOpenCL\WOpenCL.csproj", "{445DE45F-5654-4EFD-B6D8-F3D9BC77372B}"
EndProject
Project("{2150E333-8FDC-42A3-9474-1A3956D46DE8}") = "~Test", "~Test", "{801FAE19-A24C-4B1F-A88E-A276906DFD62}"
EndProject
Project("{FAE04EC0-301F-11D3-BF4B-00C04F79EFBC}") = "Server00", "..\..\~Test\Server00\Server00.csproj", "{B892EDAE-CB65-43B8-B42F-8316EC523A8E}"
EndProject
Project("{FAE04EC0-301F-11D3-BF4B-00C04F79EFBC}") = "Server_send", "..\..\~Test\Server_send\Server_send.csproj", "{F1E9C83D-4072-4AE1-96FF-14EBF4DD8DC9}"
EndProject
Project("{FAE04EC0-301F-11D3-BF4B-00C04F79EFBC}") = "ServerAllSend", "..\..\~Test\ServerAllSend\ServerAllSend.csproj", "{1E494472-CA5D-4BB3-9FE3-FB363617D27E}"
EndProject
Project("{FAE04EC0-301F-11D3-BF4B-00C04F79EFBC}") = "TestModulServer", "..\..\~Test\TestModulServer\TestModulServer.csproj", "{F8DB1AE8-F778-4996-84E8-AD66BC9B6075}"
EndProject
Project("{FAE04EC0-301F-11D3-BF4B-00C04F79EFBC}") = "SendRec", "..\..\~Test\SendRec\SendRec.csproj", "{A4C9BE38-17C1-4387-83A2-332346A03B47}"
EndProject
Project("{FAE04EC0-301F-11D3-BF4B-00C04F79EFBC}") = "TestModulSend", "..\..\~Test\TestModulSend\TestModulSend.csproj", "{46C7F8A6-DFE9-4C46-BBC8-47301EF6CBC6}"
EndProject
Global
	GlobalSection(SolutionConfigurationPlatforms) = preSolution
		Debug|Any CPU = Debug|Any CPU
		Release|Any CPU = Release|Any CPU
	EndGlobalSection
	GlobalSection(ProjectConfigurationPlatforms) = postSolution
		{6D6B88D5-1A71-406C-9E6B-CF084657126B}.Debug|Any CPU.ActiveCfg = Debug|Any CPU
		{6D6B88D5-1A71-406C-9E6B-CF084657126B}.Debug|Any CPU.Build.0 = Debug|Any CPU
		{6D6B88D5-1A71-406C-9E6B-CF084657126B}.Release|Any CPU.ActiveCfg = Release|Any CPU
		{6D6B88D5-1A71-406C-9E6B-CF084657126B}.Release|Any CPU.Build.0 = Release|Any CPU
		{9B5ACCA0-E6DE-4851-B5F6-4E2154E06699}.Debug|Any CPU.ActiveCfg = Debug|Any CPU
		{9B5ACCA0-E6DE-4851-B5F6-4E2154E06699}.Debug|Any CPU.Build.0 = Debug|Any CPU
		{9B5ACCA0-E6DE-4851-B5F6-4E2154E06699}.Release|Any CPU.ActiveCfg = Release|Any CPU
		{9B5ACCA0-E6DE-4851-B5F6-4E2154E06699}.Release|Any CPU.Build.0 = Release|Any CPU
		{9CA2F6EF-1DC7-4890-8D71-548E870A9B1C}.Debug|Any CPU.ActiveCfg = Debug|Any CPU
		{9CA2F6EF-1DC7-4890-8D71-548E870A9B1C}.Debug|Any CPU.Build.0 = Debug|Any CPU
		{9CA2F6EF-1DC7-4890-8D71-548E870A9B1C}.Release|Any CPU.ActiveCfg = Release|Any CPU
		{9CA2F6EF-1DC7-4890-8D71-548E870A9B1C}.Release|Any CPU.Build.0 = Release|Any CPU
		{06980F00-0681-4B7E-9A72-EB8DD3914FA2}.Debug|Any CPU.ActiveCfg = Debug|Any CPU
		{06980F00-0681-4B7E-9A72-EB8DD3914FA2}.Debug|Any CPU.Build.0 = Debug|Any CPU
		{06980F00-0681-4B7E-9A72-EB8DD3914FA2}.Release|Any CPU.ActiveCfg = Release|Any CPU
		{06980F00-0681-4B7E-9A72-EB8DD3914FA2}.Release|Any CPU.Build.0 = Release|Any CPU
		{A8C8E869-2456-4655-869D-11A53A83DDFC}.Debug|Any CPU.ActiveCfg = Debug|Any CPU
		{A8C8E869-2456-4655-869D-11A53A83DDFC}.Debug|Any CPU.Build.0 = Debug|Any CPU
		{A8C8E869-2456-4655-869D-11A53A83DDFC}.Release|Any CPU.ActiveCfg = Release|Any CPU
		{A8C8E869-2456-4655-869D-11A53A83DDFC}.Release|Any CPU.Build.0 = Release|Any CPU
		{94489D1E-59BD-4126-A8E1-D353D67A6F7B}.Debug|Any CPU.ActiveCfg = Debug|Any CPU
		{94489D1E-59BD-4126-A8E1-D353D67A6F7B}.Debug|Any CPU.Build.0 = Debug|Any CPU
		{94489D1E-59BD-4126-A8E1-D353D67A6F7B}.Release|Any CPU.ActiveCfg = Release|Any CPU
		{94489D1E-59BD-4126-A8E1-D353D67A6F7B}.Release|Any CPU.Build.0 = Release|Any CPU
		{445DE45F-5654-4EFD-B6D8-F3D9BC77372B}.Debug|Any CPU.ActiveCfg = Debug|Any CPU
		{445DE45F-5654-4EFD-B6D8-F3D9BC77372B}.Debug|Any CPU.Build.0 = Debug|Any CPU
		{445DE45F-5654-4EFD-B6D8-F3D9BC77372B}.Release|Any CPU.ActiveCfg = Release|Any CPU
		{445DE45F-5654-4EFD-B6D8-F3D9BC77372B}.Release|Any CPU.Build.0 = Release|Any CPU
		{B892EDAE-CB65-43B8-B42F-8316EC523A8E}.Debug|Any CPU.ActiveCfg = Debug|Any CPU
		{B892EDAE-CB65-43B8-B42F-8316EC523A8E}.Debug|Any CPU.Build.0 = Debug|Any CPU
		{B892EDAE-CB65-43B8-B42F-8316EC523A8E}.Release|Any CPU.ActiveCfg = Release|Any CPU
		{B892EDAE-CB65-43B8-B42F-8316EC523A8E}.Release|Any CPU.Build.0 = Release|Any CPU
		{F1E9C83D-4072-4AE1-96FF-14EBF4DD8DC9}.Debug|Any CPU.ActiveCfg = Debug|Any CPU
		{F1E9C83D-4072-4AE1-96FF-14EBF4DD8DC9}.Debug|Any CPU.Build.0 = Debug|Any CPU
		{F1E9C83D-4072-4AE1-96FF-14EBF4DD8DC9}.Release|Any CPU.ActiveCfg = Release|Any CPU
		{F1E9C83D-4072-4AE1-96FF-14EBF4DD8DC9}.Release|Any CPU.Build.0 = Release|Any CPU
		{1E494472-CA5D-4BB3-9FE3-FB363617D27E}.Debug|Any CPU.ActiveCfg = Debug|Any CPU
		{1E494472-CA5D-4BB3-9FE3-FB363617D27E}.Debug|Any CPU.Build.0 = Debug|Any CPU
		{1E494472-CA5D-4BB3-9FE3-FB363617D27E}.Release|Any CPU.ActiveCfg = Release|Any CPU
		{1E494472-CA5D-4BB3-9FE3-FB363617D27E}.Release|Any CPU.Build.0 = Release|Any CPU
		{F8DB1AE8-F778-4996-84E8-AD66BC9B6075}.Debug|Any CPU.ActiveCfg = Debug|Any CPU
		{F8DB1AE8-F778-4996-84E8-AD66BC9B6075}.Debug|Any CPU.Build.0 = Debug|Any CPU
		{F8DB1AE8-F778-4996-84E8-AD66BC9B6075}.Release|Any CPU.ActiveCfg = Release|Any CPU
		{F8DB1AE8-F778-4996-84E8-AD66BC9B6075}.Release|Any CPU.Build.0 = Release|Any CPU
		{A4C9BE38-17C1-4387-83A2-332346A03B47}.Debug|Any CPU.ActiveCfg = Debug|Any CPU
		{A4C9BE38-17C1-4387-83A2-332346A03B47}.Debug|Any CPU.Build.0 = Debug|Any CPU
		{A4C9BE38-17C1-4387-83A2-332346A03B47}.Release|Any CPU.ActiveCfg = Release|Any CPU
		{A4C9BE38-17C1-4387-83A2-332346A03B47}.Release|Any CPU.Build.0 = Release|Any CPU
		{46C7F8A6-DFE9-4C46-BBC8-47301EF6CBC6}.Debug|Any CPU.ActiveCfg = Debug|Any CPU
		{46C7F8A6-DFE9-4C46-BBC8-47301EF6CBC6}.Debug|Any CPU.Build.0 = Debug|Any CPU
		{46C7F8A6-DFE9-4C46-BBC8-47301EF6CBC6}.Release|Any CPU.ActiveCfg = Release|Any CPU
		{46C7F8A6-DFE9-4C46-BBC8-47301EF6CBC6}.Release|Any CPU.Build.0 = Release|Any CPU
	EndGlobalSection
	GlobalSection(SolutionProperties) = preSolution
		HideSolutionNode = FALSE
	EndGlobalSection
	GlobalSection(NestedProjects) = preSolution
		{6D6B88D5-1A71-406C-9E6B-CF084657126B} = {36D591C7-65C7-A0D1-1CBC-10CDE441BDC8}
		{9B5ACCA0-E6DE-4851-B5F6-4E2154E06699} = {DB8F4A83-C1AE-420F-8EA9-30225032C5A7}
		{9CA2F6EF-1DC7-4890-8D71-548E870A9B1C} = {36D591C7-65C7-A0D1-1CBC-10CDE441BDC8}
		{06980F00-0681-4B7E-9A72-EB8DD3914FA2} = {36D591C7-65C7-A0D1-1CBC-10CDE441BDC8}
		{A8C8E869-2456-4655-869D-11A53A83DDFC} = {36D591C7-65C7-A0D1-1CBC-10CDE441BDC8}
		{94489D1E-59BD-4126-A8E1-D353D67A6F7B} = {9ADF30BB-E343-4D0E-8FF4-76A859CFE974}
		{445DE45F-5654-4EFD-B6D8-F3D9BC77372B} = {DB8F4A83-C1AE-420F-8EA9-30225032C5A7}
		{B892EDAE-CB65-43B8-B42F-8316EC523A8E} = {801FAE19-A24C-4B1F-A88E-A276906DFD62}
		{F1E9C83D-4072-4AE1-96FF-14EBF4DD8DC9} = {801FAE19-A24C-4B1F-A88E-A276906DFD62}
		{1E494472-CA5D-4BB3-9FE3-FB363617D27E} = {801FAE19-A24C-4B1F-A88E-A276906DFD62}
		{F8DB1AE8-F778-4996-84E8-AD66BC9B6075} = {801FAE19-A24C-4B1F-A88E-A276906DFD62}
		{A4C9BE38-17C1-4387-83A2-332346A03B47} = {801FAE19-A24C-4B1F-A88E-A276906DFD62}
		{46C7F8A6-DFE9-4C46-BBC8-47301EF6CBC6} = {801FAE19-A24C-4B1F-A88E-A276906DFD62}
	EndGlobalSection
	GlobalSection(ExtensibilityGlobals) = postSolution
		SolutionGuid = {5D09DC24-382B-4BCF-82E3-39561955230C}
	EndGlobalSection
EndGlobal
