
Microsoft Visual Studio Solution File, Format Version 12.00
# Visual Studio Version 17
VisualStudioVersion = 17.14.36203.30 d17.14
MinimumVisualStudioVersion = 10.0.40219.1
Project("{FAE04EC0-301F-11D3-BF4B-00C04F79EFBC}") = "TestModulServer", "TestModulServer.csproj", "{7BAF7AFC-E673-7AA9-F544-ED75E4D8F00D}"
EndProject
Global
	GlobalSection(SolutionConfigurationPlatforms) = preSolution
		Debug|Any CPU = Debug|Any CPU
		Release|Any CPU = Release|Any CPU
	EndGlobalSection
	GlobalSection(ProjectConfigurationPlatforms) = postSolution
		{7BAF7AFC-E673-7AA9-F544-ED75E4D8F00D}.Debug|Any CPU.ActiveCfg = Debug|Any CPU
		{7BAF7AFC-E673-7AA9-F544-ED75E4D8F00D}.Debug|Any CPU.Build.0 = Debug|Any CPU
		{7BAF7AFC-E673-7AA9-F544-ED75E4D8F00D}.Release|Any CPU.ActiveCfg = Release|Any CPU
		{7BAF7AFC-E673-7AA9-F544-ED75E4D8F00D}.Release|Any CPU.Build.0 = Release|Any CPU
	EndGlobalSection
	GlobalSection(SolutionProperties) = preSolution
		HideSolutionNode = FALSE
	EndGlobalSection
	GlobalSection(ExtensibilityGlobals) = postSolution
		SolutionGuid = {FB7A239E-7CEE-4BDF-B684-A071F2CFBFFD}
	EndGlobalSection
EndGlobal
